
Microsoft Visual Studio Solution File, Format Version 12.00
# Visual Studio Version 17
VisualStudioVersion = 17.7.34024.191
MinimumVisualStudioVersion = 10.0.40219.1
Project("{FAE04EC0-301F-11D3-BF4B-00C04F79EFBC}") = "CourseRevisao", "CourseRevisao\CourseRevisao.csproj", "{0CC9193B-0745-49B9-93D5-F271C8C88A9E}"
EndProject
Global
	GlobalSection(SolutionConfigurationPlatforms) = preSolution
		Debug|Any CPU = Debug|Any CPU
		Release|Any CPU = Release|Any CPU
	EndGlobalSection
	GlobalSection(ProjectConfigurationPlatforms) = postSolution
		{0CC9193B-0745-49B9-93D5-F271C8C88A9E}.Debug|Any CPU.ActiveCfg = Debug|Any CPU
		{0CC9193B-0745-49B9-93D5-F271C8C88A9E}.Debug|Any CPU.Build.0 = Debug|Any CPU
		{0CC9193B-0745-49B9-93D5-F271C8C88A9E}.Release|Any CPU.ActiveCfg = Release|Any CPU
		{0CC9193B-0745-49B9-93D5-F271C8C88A9E}.Release|Any CPU.Build.0 = Release|Any CPU
	EndGlobalSection
	GlobalSection(SolutionProperties) = preSolution
		HideSolutionNode = FALSE
	EndGlobalSection
	GlobalSection(ExtensibilityGlobals) = postSolution
		SolutionGuid = {ADA9C641-68A4-40B2-8897-879F2268447A}
	EndGlobalSection
EndGlobal
